
Microsoft Visual Studio Solution File, Format Version 12.00
# Visual Studio Version 17
VisualStudioVersion = 17.0.31903.59
MinimumVisualStudioVersion = 10.0.40219.1
Project("{FAE04EC0-301F-11D3-BF4B-00C04F79EFBC}") = "Intent", "src\Intent\Intent.csproj", "{890732D9-9815-4C3B-A5AD-0086683AB145}"
EndProject
Project("{FAE04EC0-301F-11D3-BF4B-00C04F79EFBC}") = "Intent.Tests", "tests\Intent.Tests\Intent.Tests.csproj", "{4E97FC30-4C2D-4620-84C2-6ABAC8D6F222}"
EndProject
Project("{FAE04EC0-301F-11D3-BF4B-00C04F79EFBC}") = "Intent.Examples", "examples\Intent.Examples\Intent.Examples.csproj", "{A90C64EE-C26D-4B37-BC7C-F517AE08C6C5}"
EndProject
Global
	GlobalSection(SolutionConfigurationPlatforms) = preSolution
		Debug|Any CPU = Debug|Any CPU
		Release|Any CPU = Release|Any CPU
	EndGlobalSection
	GlobalSection(ProjectConfigurationPlatforms) = postSolution
		{890732D9-9815-4C3B-A5AD-0086683AB145}.Debug|Any CPU.ActiveCfg = Debug|Any CPU
		{890732D9-9815-4C3B-A5AD-0086683AB145}.Debug|Any CPU.Build.0 = Debug|Any CPU
		{890732D9-9815-4C3B-A5AD-0086683AB145}.Release|Any CPU.ActiveCfg = Release|Any CPU
		{890732D9-9815-4C3B-A5AD-0086683AB145}.Release|Any CPU.Build.0 = Release|Any CPU
		{4E97FC30-4C2D-4620-84C2-6ABAC8D6F222}.Debug|Any CPU.ActiveCfg = Debug|Any CPU
		{4E97FC30-4C2D-4620-84C2-6ABAC8D6F222}.Debug|Any CPU.Build.0 = Debug|Any CPU
		{4E97FC30-4C2D-4620-84C2-6ABAC8D6F222}.Release|Any CPU.ActiveCfg = Release|Any CPU
		{4E97FC30-4C2D-4620-84C2-6ABAC8D6F222}.Release|Any CPU.Build.0 = Release|Any CPU
		{A90C64EE-C26D-4B37-BC7C-F517AE08C6C5}.Debug|Any CPU.ActiveCfg = Debug|Any CPU
		{A90C64EE-C26D-4B37-BC7C-F517AE08C6C5}.Debug|Any CPU.Build.0 = Debug|Any CPU
		{A90C64EE-C26D-4B37-BC7C-F517AE08C6C5}.Release|Any CPU.ActiveCfg = Release|Any CPU
		{A90C64EE-C26D-4B37-BC7C-F517AE08C6C5}.Release|Any CPU.Build.0 = Release|Any CPU
	EndGlobalSection
	GlobalSection(SolutionProperties) = preSolution
		HideSolutionNode = FALSE
	EndGlobalSection
EndGlobal
